
Microsoft Visual Studio Solution File, Format Version 11.00
# Visual Studio 2010
Project("{FAE04EC0-301F-11D3-BF4B-00C04F79EFBC}") = "visitor", "visitor\visitor.csproj", "{99877876-8743-432A-BFB0-AFECA1B889DC}"
EndProject
Project("{FAE04EC0-301F-11D3-BF4B-00C04F79EFBC}") = "visitor-test", "visitor-test\visitor-test.csproj", "{DFC53000-4CBD-4D8A-A17B-2551F493B368}"
EndProject
Project("{2150E333-8FDC-42A3-9474-1A3956D46DE8}") = "Solution Items", "Solution Items", "{6C3EC4D4-7B92-4684-AFA7-07A64EF75856}"
	ProjectSection(SolutionItems) = preProject
		design-pattern.vsmdi = design-pattern.vsmdi
		Local.testsettings = Local.testsettings
		TraceAndTestImpact.testsettings = TraceAndTestImpact.testsettings
	EndProjectSection
EndProject
Project("{FAE04EC0-301F-11D3-BF4B-00C04F79EFBC}") = "visitor-raw", "visitor-raw\visitor-raw.csproj", "{70EA605A-3967-49E1-8C7D-D0C393354B51}"
EndProject
Project("{FAE04EC0-301F-11D3-BF4B-00C04F79EFBC}") = "visitor-raw-test", "visitor-raw-test\visitor-raw-test.csproj", "{66F6C089-C3DD-4A70-AC60-B583340DA721}"
EndProject
Project("{FAE04EC0-301F-11D3-BF4B-00C04F79EFBC}") = "acyclic-visitor", "acyclic-visitor\acyclic-visitor.csproj", "{599CDBC7-4369-4DBD-8FA6-31D95ED3D59E}"
EndProject
Project("{2150E333-8FDC-42A3-9474-1A3956D46DE8}") = "visitor", "visitor", "{BBFCAB9E-06DF-44BE-B48D-09BC2A71471D}"
EndProject
Project("{2150E333-8FDC-42A3-9474-1A3956D46DE8}") = "DIP", "DIP", "{60EBF8AF-C141-4883-A2B9-27121A05DDF5}"
EndProject
Project("{FAE04EC0-301F-11D3-BF4B-00C04F79EFBC}") = "app", "app\app.csproj", "{ED77DB4B-C9E9-4A42-BD28-DA65C4E7CDD9}"
EndProject
Project("{FAE04EC0-301F-11D3-BF4B-00C04F79EFBC}") = "caculator", "caculator\caculator.csproj", "{1755E778-BFE2-455E-A568-9604FA77034C}"
EndProject
Project("{FAE04EC0-301F-11D3-BF4B-00C04F79EFBC}") = "shunfeng", "shunfeng\shunfeng.csproj", "{09C05C52-95F4-4E5A-B86F-EA082948D97C}"
EndProject
Project("{FAE04EC0-301F-11D3-BF4B-00C04F79EFBC}") = "zhongtong", "zhongtong\zhongtong.csproj", "{F38C2AC0-D908-4499-858A-0EB3A2767D8D}"
EndProject
Global
	GlobalSection(TestCaseManagementSettings) = postSolution
		CategoryFile = design-pattern.vsmdi
	EndGlobalSection
	GlobalSection(SolutionConfigurationPlatforms) = preSolution
		Debug|Any CPU = Debug|Any CPU
		Debug|Mixed Platforms = Debug|Mixed Platforms
		Debug|x86 = Debug|x86
		Release|Any CPU = Release|Any CPU
		Release|Mixed Platforms = Release|Mixed Platforms
		Release|x86 = Release|x86
	EndGlobalSection
	GlobalSection(ProjectConfigurationPlatforms) = postSolution
		{99877876-8743-432A-BFB0-AFECA1B889DC}.Debug|Any CPU.ActiveCfg = Debug|Any CPU
		{99877876-8743-432A-BFB0-AFECA1B889DC}.Debug|Any CPU.Build.0 = Debug|Any CPU
		{99877876-8743-432A-BFB0-AFECA1B889DC}.Debug|Mixed Platforms.ActiveCfg = Debug|Any CPU
		{99877876-8743-432A-BFB0-AFECA1B889DC}.Debug|Mixed Platforms.Build.0 = Debug|Any CPU
		{99877876-8743-432A-BFB0-AFECA1B889DC}.Debug|x86.ActiveCfg = Debug|Any CPU
		{99877876-8743-432A-BFB0-AFECA1B889DC}.Release|Any CPU.ActiveCfg = Release|Any CPU
		{99877876-8743-432A-BFB0-AFECA1B889DC}.Release|Any CPU.Build.0 = Release|Any CPU
		{99877876-8743-432A-BFB0-AFECA1B889DC}.Release|Mixed Platforms.ActiveCfg = Release|Any CPU
		{99877876-8743-432A-BFB0-AFECA1B889DC}.Release|Mixed Platforms.Build.0 = Release|Any CPU
		{99877876-8743-432A-BFB0-AFECA1B889DC}.Release|x86.ActiveCfg = Release|Any CPU
		{DFC53000-4CBD-4D8A-A17B-2551F493B368}.Debug|Any CPU.ActiveCfg = Debug|Any CPU
		{DFC53000-4CBD-4D8A-A17B-2551F493B368}.Debug|Any CPU.Build.0 = Debug|Any CPU
		{DFC53000-4CBD-4D8A-A17B-2551F493B368}.Debug|Mixed Platforms.ActiveCfg = Debug|Any CPU
		{DFC53000-4CBD-4D8A-A17B-2551F493B368}.Debug|Mixed Platforms.Build.0 = Debug|Any CPU
		{DFC53000-4CBD-4D8A-A17B-2551F493B368}.Debug|x86.ActiveCfg = Debug|Any CPU
		{DFC53000-4CBD-4D8A-A17B-2551F493B368}.Release|Any CPU.ActiveCfg = Release|Any CPU
		{DFC53000-4CBD-4D8A-A17B-2551F493B368}.Release|Any CPU.Build.0 = Release|Any CPU
		{DFC53000-4CBD-4D8A-A17B-2551F493B368}.Release|Mixed Platforms.ActiveCfg = Release|Any CPU
		{DFC53000-4CBD-4D8A-A17B-2551F493B368}.Release|Mixed Platforms.Build.0 = Release|Any CPU
		{DFC53000-4CBD-4D8A-A17B-2551F493B368}.Release|x86.ActiveCfg = Release|Any CPU
		{70EA605A-3967-49E1-8C7D-D0C393354B51}.Debug|Any CPU.ActiveCfg = Debug|Any CPU
		{70EA605A-3967-49E1-8C7D-D0C393354B51}.Debug|Any CPU.Build.0 = Debug|Any CPU
		{70EA605A-3967-49E1-8C7D-D0C393354B51}.Debug|Mixed Platforms.ActiveCfg = Debug|Any CPU
		{70EA605A-3967-49E1-8C7D-D0C393354B51}.Debug|Mixed Platforms.Build.0 = Debug|Any CPU
		{70EA605A-3967-49E1-8C7D-D0C393354B51}.Debug|x86.ActiveCfg = Debug|Any CPU
		{70EA605A-3967-49E1-8C7D-D0C393354B51}.Release|Any CPU.ActiveCfg = Release|Any CPU
		{70EA605A-3967-49E1-8C7D-D0C393354B51}.Release|Any CPU.Build.0 = Release|Any CPU
		{70EA605A-3967-49E1-8C7D-D0C393354B51}.Release|Mixed Platforms.ActiveCfg = Release|Any CPU
		{70EA605A-3967-49E1-8C7D-D0C393354B51}.Release|Mixed Platforms.Build.0 = Release|Any CPU
		{70EA605A-3967-49E1-8C7D-D0C393354B51}.Release|x86.ActiveCfg = Release|Any CPU
		{66F6C089-C3DD-4A70-AC60-B583340DA721}.Debug|Any CPU.ActiveCfg = Debug|Any CPU
		{66F6C089-C3DD-4A70-AC60-B583340DA721}.Debug|Any CPU.Build.0 = Debug|Any CPU
		{66F6C089-C3DD-4A70-AC60-B583340DA721}.Debug|Mixed Platforms.ActiveCfg = Debug|Any CPU
		{66F6C089-C3DD-4A70-AC60-B583340DA721}.Debug|Mixed Platforms.Build.0 = Debug|Any CPU
		{66F6C089-C3DD-4A70-AC60-B583340DA721}.Debug|x86.ActiveCfg = Debug|Any CPU
		{66F6C089-C3DD-4A70-AC60-B583340DA721}.Release|Any CPU.ActiveCfg = Release|Any CPU
		{66F6C089-C3DD-4A70-AC60-B583340DA721}.Release|Any CPU.Build.0 = Release|Any CPU
		{66F6C089-C3DD-4A70-AC60-B583340DA721}.Release|Mixed Platforms.ActiveCfg = Release|Any CPU
		{66F6C089-C3DD-4A70-AC60-B583340DA721}.Release|Mixed Platforms.Build.0 = Release|Any CPU
		{66F6C089-C3DD-4A70-AC60-B583340DA721}.Release|x86.ActiveCfg = Release|Any CPU
		{599CDBC7-4369-4DBD-8FA6-31D95ED3D59E}.Debug|Any CPU.ActiveCfg = Debug|Any CPU
		{599CDBC7-4369-4DBD-8FA6-31D95ED3D59E}.Debug|Any CPU.Build.0 = Debug|Any CPU
		{599CDBC7-4369-4DBD-8FA6-31D95ED3D59E}.Debug|Mixed Platforms.ActiveCfg = Debug|Any CPU
		{599CDBC7-4369-4DBD-8FA6-31D95ED3D59E}.Debug|Mixed Platforms.Build.0 = Debug|Any CPU
		{599CDBC7-4369-4DBD-8FA6-31D95ED3D59E}.Debug|x86.ActiveCfg = Debug|Any CPU
		{599CDBC7-4369-4DBD-8FA6-31D95ED3D59E}.Release|Any CPU.ActiveCfg = Release|Any CPU
		{599CDBC7-4369-4DBD-8FA6-31D95ED3D59E}.Release|Any CPU.Build.0 = Release|Any CPU
		{599CDBC7-4369-4DBD-8FA6-31D95ED3D59E}.Release|Mixed Platforms.ActiveCfg = Release|Any CPU
		{599CDBC7-4369-4DBD-8FA6-31D95ED3D59E}.Release|Mixed Platforms.Build.0 = Release|Any CPU
		{599CDBC7-4369-4DBD-8FA6-31D95ED3D59E}.Release|x86.ActiveCfg = Release|Any CPU
		{ED77DB4B-C9E9-4A42-BD28-DA65C4E7CDD9}.Debug|Any CPU.ActiveCfg = Debug|x86
		{ED77DB4B-C9E9-4A42-BD28-DA65C4E7CDD9}.Debug|Mixed Platforms.ActiveCfg = Debug|x86
		{ED77DB4B-C9E9-4A42-BD28-DA65C4E7CDD9}.Debug|Mixed Platforms.Build.0 = Debug|x86
		{ED77DB4B-C9E9-4A42-BD28-DA65C4E7CDD9}.Debug|x86.ActiveCfg = Debug|x86
		{ED77DB4B-C9E9-4A42-BD28-DA65C4E7CDD9}.Debug|x86.Build.0 = Debug|x86
		{ED77DB4B-C9E9-4A42-BD28-DA65C4E7CDD9}.Release|Any CPU.ActiveCfg = Release|x86
		{ED77DB4B-C9E9-4A42-BD28-DA65C4E7CDD9}.Release|Mixed Platforms.ActiveCfg = Release|x86
		{ED77DB4B-C9E9-4A42-BD28-DA65C4E7CDD9}.Release|Mixed Platforms.Build.0 = Release|x86
		{ED77DB4B-C9E9-4A42-BD28-DA65C4E7CDD9}.Release|x86.ActiveCfg = Release|x86
		{ED77DB4B-C9E9-4A42-BD28-DA65C4E7CDD9}.Release|x86.Build.0 = Release|x86
		{1755E778-BFE2-455E-A568-9604FA77034C}.Debug|Any CPU.ActiveCfg = Debug|Any CPU
		{1755E778-BFE2-455E-A568-9604FA77034C}.Debug|Any CPU.Build.0 = Debug|Any CPU
		{1755E778-BFE2-455E-A568-9604FA77034C}.Debug|Mixed Platforms.ActiveCfg = Debug|Any CPU
		{1755E778-BFE2-455E-A568-9604FA77034C}.Debug|Mixed Platforms.Build.0 = Debug|Any CPU
		{1755E778-BFE2-455E-A568-9604FA77034C}.Debug|x86.ActiveCfg = Debug|Any CPU
		{1755E778-BFE2-455E-A568-9604FA77034C}.Release|Any CPU.ActiveCfg = Release|Any CPU
		{1755E778-BFE2-455E-A568-9604FA77034C}.Release|Any CPU.Build.0 = Release|Any CPU
		{1755E778-BFE2-455E-A568-9604FA77034C}.Release|Mixed Platforms.ActiveCfg = Release|Any CPU
		{1755E778-BFE2-455E-A568-9604FA77034C}.Release|Mixed Platforms.Build.0 = Release|Any CPU
		{1755E778-BFE2-455E-A568-9604FA77034C}.Release|x86.ActiveCfg = Release|Any CPU
		{09C05C52-95F4-4E5A-B86F-EA082948D97C}.Debug|Any CPU.ActiveCfg = Debug|Any CPU
		{09C05C52-95F4-4E5A-B86F-EA082948D97C}.Debug|Any CPU.Build.0 = Debug|Any CPU
		{09C05C52-95F4-4E5A-B86F-EA082948D97C}.Debug|Mixed Platforms.ActiveCfg = Debug|Any CPU
		{09C05C52-95F4-4E5A-B86F-EA082948D97C}.Debug|Mixed Platforms.Build.0 = Debug|Any CPU
		{09C05C52-95F4-4E5A-B86F-EA082948D97C}.Debug|x86.ActiveCfg = Debug|Any CPU
		{09C05C52-95F4-4E5A-B86F-EA082948D97C}.Release|Any CPU.ActiveCfg = Release|Any CPU
		{09C05C52-95F4-4E5A-B86F-EA082948D97C}.Release|Any CPU.Build.0 = Release|Any CPU
		{09C05C52-95F4-4E5A-B86F-EA082948D97C}.Release|Mixed Platforms.ActiveCfg = Release|Any CPU
		{09C05C52-95F4-4E5A-B86F-EA082948D97C}.Release|Mixed Platforms.Build.0 = Release|Any CPU
		{09C05C52-95F4-4E5A-B86F-EA082948D97C}.Release|x86.ActiveCfg = Release|Any CPU
		{F38C2AC0-D908-4499-858A-0EB3A2767D8D}.Debug|Any CPU.ActiveCfg = Debug|Any CPU
		{F38C2AC0-D908-4499-858A-0EB3A2767D8D}.Debug|Any CPU.Build.0 = Debug|Any CPU
		{F38C2AC0-D908-4499-858A-0EB3A2767D8D}.Debug|Mixed Platforms.ActiveCfg = Debug|Any CPU
		{F38C2AC0-D908-4499-858A-0EB3A2767D8D}.Debug|Mixed Platforms.Build.0 = Debug|Any CPU
		{F38C2AC0-D908-4499-858A-0EB3A2767D8D}.Debug|x86.ActiveCfg = Debug|Any CPU
		{F38C2AC0-D908-4499-858A-0EB3A2767D8D}.Release|Any CPU.ActiveCfg = Release|Any CPU
		{F38C2AC0-D908-4499-858A-0EB3A2767D8D}.Release|Any CPU.Build.0 = Release|Any CPU
		{F38C2AC0-D908-4499-858A-0EB3A2767D8D}.Release|Mixed Platforms.ActiveCfg = Release|Any CPU
		{F38C2AC0-D908-4499-858A-0EB3A2767D8D}.Release|Mixed Platforms.Build.0 = Release|Any CPU
		{F38C2AC0-D908-4499-858A-0EB3A2767D8D}.Release|x86.ActiveCfg = Release|Any CPU
	EndGlobalSection
	GlobalSection(SolutionProperties) = preSolution
		HideSolutionNode = FALSE
	EndGlobalSection
	GlobalSection(NestedProjects) = preSolution
		{DFC53000-4CBD-4D8A-A17B-2551F493B368} = {BBFCAB9E-06DF-44BE-B48D-09BC2A71471D}
		{70EA605A-3967-49E1-8C7D-D0C393354B51} = {BBFCAB9E-06DF-44BE-B48D-09BC2A71471D}
		{66F6C089-C3DD-4A70-AC60-B583340DA721} = {BBFCAB9E-06DF-44BE-B48D-09BC2A71471D}
		{599CDBC7-4369-4DBD-8FA6-31D95ED3D59E} = {BBFCAB9E-06DF-44BE-B48D-09BC2A71471D}
		{99877876-8743-432A-BFB0-AFECA1B889DC} = {BBFCAB9E-06DF-44BE-B48D-09BC2A71471D}
		{ED77DB4B-C9E9-4A42-BD28-DA65C4E7CDD9} = {60EBF8AF-C141-4883-A2B9-27121A05DDF5}
		{1755E778-BFE2-455E-A568-9604FA77034C} = {60EBF8AF-C141-4883-A2B9-27121A05DDF5}
		{09C05C52-95F4-4E5A-B86F-EA082948D97C} = {60EBF8AF-C141-4883-A2B9-27121A05DDF5}
		{F38C2AC0-D908-4499-858A-0EB3A2767D8D} = {60EBF8AF-C141-4883-A2B9-27121A05DDF5}
	EndGlobalSection
EndGlobal
